# THIS IS AN AUTOGENERATED FILE. DO NOT EDIT THIS FILE DIRECTLY.
# yarn lockfile v1


get-stdin@^9.0.0:
  version "9.0.0"
  resolved "https://registry.yarnpkg.com/get-stdin/-/get-stdin-9.0.0.tgz#3983ff82e03d56f1b2ea0d3e60325f39d703a575"
  integrity sha512-dVKBjfWisLAicarI2Sf+JuBE/DghV4UzNAVe9yhEJuzeREd3JhOTE9cUaJTeSa77fsbQUK3pcOpJfM59+VKZaA==

snekfetch@^3.6.4:
  version "3.6.4"
  resolved "https://registry.yarnpkg.com/snekfetch/-/snekfetch-3.6.4.tgz#d13e80a616d892f3d38daae4289f4d258a645120"
  integrity sha512-NjxjITIj04Ffqid5lqr7XdgwM7X61c/Dns073Ly170bPQHLm6jkmelye/eglS++1nfTWktpP6Y2bFXjdPlQqdw==

webhook-discord@^3.7.8:
  version "3.7.8"
  resolved "https://registry.yarnpkg.com/webhook-discord/-/webhook-discord-3.7.8.tgz#856ce6928713ee7d1a05dbc8a64dfc233d0d816d"
  integrity sha512-IDEvKmu83SIAPZD0efpEXj3ZEm+X8Q68iRuKEKtyXlGN9S9lVtdL7cp4I0AXqTapVj+eh+Wby7y9DaxP01Yk2g==
  dependencies:
    snekfetch "^3.6.4"
